
Microsoft Visual Studio Solution File, Format Version 12.00
# Visual Studio Version 17
VisualStudioVersion = 17.9.34607.119
MinimumVisualStudioVersion = 10.0.40219.1
Project("{FAE04EC0-301F-11D3-BF4B-00C04F79EFBC}") = "dulce_sabor_modulo_venta_en_linea", "dulce_sabor_modulo_venta_en_linea\dulce_sabor_modulo_venta_en_linea.csproj", "{065F7572-B178-46C2-9AD7-E3C9FD6FFE51}"
EndProject
Global
	GlobalSection(SolutionConfigurationPlatforms) = preSolution
		Debug|Any CPU = Debug|Any CPU
		Release|Any CPU = Release|Any CPU
	EndGlobalSection
	GlobalSection(ProjectConfigurationPlatforms) = postSolution
		{065F7572-B178-46C2-9AD7-E3C9FD6FFE51}.Debug|Any CPU.ActiveCfg = Debug|Any CPU
		{065F7572-B178-46C2-9AD7-E3C9FD6FFE51}.Debug|Any CPU.Build.0 = Debug|Any CPU
		{065F7572-B178-46C2-9AD7-E3C9FD6FFE51}.Release|Any CPU.ActiveCfg = Release|Any CPU
		{065F7572-B178-46C2-9AD7-E3C9FD6FFE51}.Release|Any CPU.Build.0 = Release|Any CPU
	EndGlobalSection
	GlobalSection(SolutionProperties) = preSolution
		HideSolutionNode = FALSE
	EndGlobalSection
	GlobalSection(ExtensibilityGlobals) = postSolution
		SolutionGuid = {9636D4E7-7B2B-460A-9F47-33111051256F}
	EndGlobalSection
EndGlobal
